schema: '2.0'
stages:
  data_ingestion:
    cmd: python src/data_ingestion.py
    deps:
    - path: src/data_ingestion.py
      hash: md5
      md5: 6b829fb87b833305e87edd57d545e8f6
      size: 3194
    outs:
    - path: data/raw
      hash: md5
      md5: 1a287d34dc172d9f950c03dae35f7e73.dir
      size: 484846
      nfiles: 2
  data_preprocessing:
    cmd: python src/data_preprocessing.py
    deps:
    - path: data/raw
      hash: md5
      md5: 1a287d34dc172d9f950c03dae35f7e73.dir
      size: 484846
      nfiles: 2
    - path: src/data_preprocessing.py
      hash: md5
      md5: 49cda867e4aac45784872792fb459592
      size: 3977
    outs:
    - path: data/interim
      hash: md5
      md5: d99be5cb2b019d747166f90739fa6d08.dir
      size: 260073
      nfiles: 2
  feature_engineering:
    cmd: python src/feature_engineering.py
    deps:
    - path: data/interim
      hash: md5
      md5: d99be5cb2b019d747166f90739fa6d08.dir
      size: 260073
      nfiles: 2
    - path: src/feature_engineering.py
      hash: md5
      md5: 846398671b2299cff4a58f2adf7baa4f
      size: 3220
    outs:
    - path: data/processed
      hash: md5
      md5: 75e218e1ef3eca0fbee7bf147502a2e7.dir
      size: 1179996
      nfiles: 2
  model_training:
    cmd: python src/model_training.py
    deps:
    - path: data/processed
      hash: md5
      md5: 75e218e1ef3eca0fbee7bf147502a2e7.dir
      size: 1179996
      nfiles: 2
    - path: src/model_training.py
      hash: md5
      md5: a43ba48291a49a686295ee3f9741c16b
      size: 3843
    outs:
    - path: models
      hash: md5
      md5: c181dbf91035067912ca1aa831a23d6d.dir
      size: 998455
      nfiles: 1
  model_evaluation:
    cmd: python src/model_evaluation.py
    deps:
    - path: models
      hash: md5
      md5: c181dbf91035067912ca1aa831a23d6d.dir
      size: 998455
      nfiles: 1
    - path: src/model_evaluation.py
      hash: md5
      md5: 3d9883ae73cb016333c3254926d02440
      size: 3627
    outs:
    - path: reports
      hash: md5
      md5: d26cb0fb83d801b58a32993d8d84eb31.dir
      size: 145
      nfiles: 1
